// !$*UTF8*$!
{
	archiveVersion = 1;
	classes = {
	};
	objectVersion = 55;
	objects = {

/* Begin PBXBuildFile section */
		EDDDACDB28C4E7AB008207BF /* AppDelegate.swift in Sources */ = {isa = PBXBuildFile; fileRef = EDDDACDA28C4E7AB008207BF /* AppDelegate.swift */; };
		EDDDACDD28C4E7AB008207BF /* SceneDelegate.swift in Sources */ = {isa = PBXBuildFile; fileRef = EDDDACDC28C4E7AB008207BF /* SceneDelegate.swift */; };
		EDDDACDF28C4E7AB008207BF /* MPPlayerScreenViewController.swift in Sources */ = {isa = PBXBuildFile; fileRef = EDDDACDE28C4E7AB008207BF /* MPPlayerScreenViewController.swift */; };
		EDDDACE228C4E7AB008207BF /* Main.storyboard in Resources */ = {isa = PBXBuildFile; fileRef = EDDDACE028C4E7AB008207BF /* Main.storyboard */; };
		EDDDACE428C4E7AD008207BF /* Assets.xcassets in Resources */ = {isa = PBXBuildFile; fileRef = EDDDACE328C4E7AD008207BF /* Assets.xcassets */; };
		EDDDACE728C4E7AD008207BF /* LaunchScreen.storyboard in Resources */ = {isa = PBXBuildFile; fileRef = EDDDACE528C4E7AD008207BF /* LaunchScreen.storyboard */; };
		EDDDACF228C4E7AE008207BF /* MusicPlayerTests.swift in Sources */ = {isa = PBXBuildFile; fileRef = EDDDACF128C4E7AE008207BF /* MusicPlayerTests.swift */; };
		EDDDACFC28C4E7AE008207BF /* MusicPlayerUITests.swift in Sources */ = {isa = PBXBuildFile; fileRef = EDDDACFB28C4E7AE008207BF /* MusicPlayerUITests.swift */; };
		EDDDACFE28C4E7AE008207BF /* MusicPlayerUITestsLaunchTests.swift in Sources */ = {isa = PBXBuildFile; fileRef = EDDDACFD28C4E7AE008207BF /* MusicPlayerUITestsLaunchTests.swift */; };
		EDDDAD0C28C4EC02008207BF /* MPCorouselViewFlowLayout.swift in Sources */ = {isa = PBXBuildFile; fileRef = EDDDAD0B28C4EC02008207BF /* MPCorouselViewFlowLayout.swift */; };
		EDDDAD0E28C4EC7C008207BF /* MPCorouselCollectionView.swift in Sources */ = {isa = PBXBuildFile; fileRef = EDDDAD0D28C4EC7C008207BF /* MPCorouselCollectionView.swift */; };
		EDDDAD1228C509D5008207BF /* MPCorouselCollectionViewCell.swift in Sources */ = {isa = PBXBuildFile; fileRef = EDDDAD1028C509D5008207BF /* MPCorouselCollectionViewCell.swift */; };
		EDDDAD1328C509D5008207BF /* MPCorouselCollectionViewCell.xib in Resources */ = {isa = PBXBuildFile; fileRef = EDDDAD1128C509D5008207BF /* MPCorouselCollectionViewCell.xib */; };
		EDDDAD1528C50B8C008207BF /* MPPlayerScreenPresenter.swift in Sources */ = {isa = PBXBuildFile; fileRef = EDDDAD1428C50B8C008207BF /* MPPlayerScreenPresenter.swift */; };
		EDDDAD1828C51921008207BF /* MPAudioPlayer.swift in Sources */ = {isa = PBXBuildFile; fileRef = EDDDAD1728C51921008207BF /* MPAudioPlayer.swift */; };
		EDDDAD1E28C52032008207BF /* song2.mp3 in Resources */ = {isa = PBXBuildFile; fileRef = EDDDAD1B28C52032008207BF /* song2.mp3 */; };
		EDDDAD1F28C52032008207BF /* song1.mp3 in Resources */ = {isa = PBXBuildFile; fileRef = EDDDAD1C28C52032008207BF /* song1.mp3 */; };
		EDDDAD2128C52B57008207BF /* song3.mp3 in Resources */ = {isa = PBXBuildFile; fileRef = EDDDAD2028C52B56008207BF /* song3.mp3 */; };
		EDDDAD2428C62948008207BF /* CMTime+StringRepresentation.swift in Sources */ = {isa = PBXBuildFile; fileRef = EDDDAD2328C62948008207BF /* CMTime+StringRepresentation.swift */; };
		EDDDAD2628C62D4D008207BF /* MPProgressView.swift in Sources */ = {isa = PBXBuildFile; fileRef = EDDDAD2528C62D4D008207BF /* MPProgressView.swift */; };
		EDDDAD2828C64ED2008207BF /* MPPlayerControlButton.swift in Sources */ = {isa = PBXBuildFile; fileRef = EDDDAD2728C64ED2008207BF /* MPPlayerControlButton.swift */; };
/* End PBXBuildFile section */

/* Begin PBXContainerItemProxy section */
		EDDDACEE28C4E7AE008207BF /* PBXContainerItemProxy */ = {
			isa = PBXContainerItemProxy;
			containerPortal = EDDDACCF28C4E7AB008207BF /* Project object */;
			proxyType = 1;
			remoteGlobalIDString = EDDDACD628C4E7AB008207BF;
			remoteInfo = MusicPlayer;
		};
		EDDDACF828C4E7AE008207BF /* PBXContainerItemProxy */ = {
			isa = PBXContainerItemProxy;
			containerPortal = EDDDACCF28C4E7AB008207BF /* Project object */;
			proxyType = 1;
			remoteGlobalIDString = EDDDACD628C4E7AB008207BF;
			remoteInfo = MusicPlayer;
		};
/* End PBXContainerItemProxy section */

/* Begin PBXFileReference section */
		EDDDACD728C4E7AB008207BF /* MusicPlayer.app */ = {isa = PBXFileReference; explicitFileType = wrapper.application; includeInIndex = 0; path = MusicPlayer.app; sourceTree = BUILT_PRODUCTS_DIR; };
		EDDDACDA28C4E7AB008207BF /* AppDelegate.swift */ = {isa = PBXFileReference; lastKnownFileType = sourcecode.swift; path = AppDelegate.swift; sourceTree = "<group>"; };
		EDDDACDC28C4E7AB008207BF /* SceneDelegate.swift */ = {isa = PBXFileReference; lastKnownFileType = sourcecode.swift; path = SceneDelegate.swift; sourceTree = "<group>"; };
		EDDDACDE28C4E7AB008207BF /* MPPlayerScreenViewController.swift */ = {isa = PBXFileReference; lastKnownFileType = sourcecode.swift; path = MPPlayerScreenViewController.swift; sourceTree = "<group>"; };
		EDDDACE128C4E7AB008207BF /* Base */ = {isa = PBXFileReference; lastKnownFileType = file.storyboard; name = Base; path = Base.lproj/Main.storyboard; sourceTree = "<group>"; };
		EDDDACE328C4E7AD008207BF /* Assets.xcassets */ = {isa = PBXFileReference; lastKnownFileType = folder.assetcatalog; path = Assets.xcassets; sourceTree = "<group>"; };
		EDDDACE628C4E7AD008207BF /* Base */ = {isa = PBXFileReference; lastKnownFileType = file.storyboard; name = Base; path = Base.lproj/LaunchScreen.storyboard; sourceTree = "<group>"; };
		EDDDACE828C4E7AD008207BF /* Info.plist */ = {isa = PBXFileReference; lastKnownFileType = text.plist.xml; path = Info.plist; sourceTree = "<group>"; };
		EDDDACED28C4E7AE008207BF /* MusicPlayerTests.xctest */ = {isa = PBXFileReference; explicitFileType = wrapper.cfbundle; includeInIndex = 0; path = MusicPlayerTests.xctest; sourceTree = BUILT_PRODUCTS_DIR; };
		EDDDACF128C4E7AE008207BF /* MusicPlayerTests.swift */ = {isa = PBXFileReference; lastKnownFileType = sourcecode.swift; path = MusicPlayerTests.swift; sourceTree = "<group>"; };
		EDDDACF728C4E7AE008207BF /* MusicPlayerUITests.xctest */ = {isa = PBXFileReference; explicitFileType = wrapper.cfbundle; includeInIndex = 0; path = MusicPlayerUITests.xctest; sourceTree = BUILT_PRODUCTS_DIR; };
		EDDDACFB28C4E7AE008207BF /* MusicPlayerUITests.swift */ = {isa = PBXFileReference; lastKnownFileType = sourcecode.swift; path = MusicPlayerUITests.swift; sourceTree = "<group>"; };
		EDDDACFD28C4E7AE008207BF /* MusicPlayerUITestsLaunchTests.swift */ = {isa = PBXFileReference; lastKnownFileType = sourcecode.swift; path = MusicPlayerUITestsLaunchTests.swift; sourceTree = "<group>"; };
		EDDDAD0B28C4EC02008207BF /* MPCorouselViewFlowLayout.swift */ = {isa = PBXFileReference; lastKnownFileType = sourcecode.swift; path = MPCorouselViewFlowLayout.swift; sourceTree = "<group>"; };
		EDDDAD0D28C4EC7C008207BF /* MPCorouselCollectionView.swift */ = {isa = PBXFileReference; lastKnownFileType = sourcecode.swift; path = MPCorouselCollectionView.swift; sourceTree = "<group>"; };
		EDDDAD1028C509D5008207BF /* MPCorouselCollectionViewCell.swift */ = {isa = PBXFileReference; lastKnownFileType = sourcecode.swift; path = MPCorouselCollectionViewCell.swift; sourceTree = "<group>"; };
		EDDDAD1128C509D5008207BF /* MPCorouselCollectionViewCell.xib */ = {isa = PBXFileReference; lastKnownFileType = file.xib; path = MPCorouselCollectionViewCell.xib; sourceTree = "<group>"; };
		EDDDAD1428C50B8C008207BF /* MPPlayerScreenPresenter.swift */ = {isa = PBXFileReference; lastKnownFileType = sourcecode.swift; path = MPPlayerScreenPresenter.swift; sourceTree = "<group>"; };
		EDDDAD1728C51921008207BF /* MPAudioPlayer.swift */ = {isa = PBXFileReference; lastKnownFileType = sourcecode.swift; path = MPAudioPlayer.swift; sourceTree = "<group>"; };
		EDDDAD1B28C52032008207BF /* song2.mp3 */ = {isa = PBXFileReference; lastKnownFileType = audio.mp3; name = song2.mp3; path = ../../../song2.mp3; sourceTree = "<group>"; };
		EDDDAD1C28C52032008207BF /* song1.mp3 */ = {isa = PBXFileReference; lastKnownFileType = audio.mp3; name = song1.mp3; path = ../../../song1.mp3; sourceTree = "<group>"; };
		EDDDAD2028C52B56008207BF /* song3.mp3 */ = {isa = PBXFileReference; lastKnownFileType = audio.mp3; name = song3.mp3; path = ../../../song3.mp3; sourceTree = "<group>"; };
		EDDDAD2328C62948008207BF /* CMTime+StringRepresentation.swift */ = {isa = PBXFileReference; lastKnownFileType = sourcecode.swift; path = "CMTime+StringRepresentation.swift"; sourceTree = "<group>"; };
		EDDDAD2528C62D4D008207BF /* MPProgressView.swift */ = {isa = PBXFileReference; lastKnownFileType = sourcecode.swift; path = MPProgressView.swift; sourceTree = "<group>"; };
		EDDDAD2728C64ED2008207BF /* MPPlayerControlButton.swift */ = {isa = PBXFileReference; fileEncoding = 4; lastKnownFileType = sourcecode.swift; path = MPPlayerControlButton.swift; sourceTree = "<group>"; };
/* End PBXFileReference section */

/* Begin PBXFrameworksBuildPhase section */
		EDDDACD428C4E7AB008207BF /* Frameworks */ = {
			isa = PBXFrameworksBuildPhase;
			buildActionMask = 2147483647;
			files = (
			);
			runOnlyForDeploymentPostprocessing = 0;
		};
		EDDDACEA28C4E7AE008207BF /* Frameworks */ = {
			isa = PBXFrameworksBuildPhase;
			buildActionMask = 2147483647;
			files = (
			);
			runOnlyForDeploymentPostprocessing = 0;
		};
		EDDDACF428C4E7AE008207BF /* Frameworks */ = {
			isa = PBXFrameworksBuildPhase;
			buildActionMask = 2147483647;
			files = (
			);
			runOnlyForDeploymentPostprocessing = 0;
		};
/* End PBXFrameworksBuildPhase section */

/* Begin PBXGroup section */
		EDDDACCE28C4E7AB008207BF = {
			isa = PBXGroup;
			children = (
				EDDDACD928C4E7AB008207BF /* MusicPlayer */,
				EDDDACF028C4E7AE008207BF /* MusicPlayerTests */,
				EDDDACFA28C4E7AE008207BF /* MusicPlayerUITests */,
				EDDDACD828C4E7AB008207BF /* Products */,
			);
			sourceTree = "<group>";
		};
		EDDDACD828C4E7AB008207BF /* Products */ = {
			isa = PBXGroup;
			children = (
				EDDDACD728C4E7AB008207BF /* MusicPlayer.app */,
				EDDDACED28C4E7AE008207BF /* MusicPlayerTests.xctest */,
				EDDDACF728C4E7AE008207BF /* MusicPlayerUITests.xctest */,
			);
			name = Products;
			sourceTree = "<group>";
		};
		EDDDACD928C4E7AB008207BF /* MusicPlayer */ = {
			isa = PBXGroup;
			children = (
				EDDDAD1928C5201F008207BF /* Resourses */,
				EDDDAD1628C51910008207BF /* Services */,
				EDDDAD0A28C4EBAE008207BF /* UI */,
				EDDDACDA28C4E7AB008207BF /* AppDelegate.swift */,
				EDDDACDC28C4E7AB008207BF /* SceneDelegate.swift */,
				EDDDACE328C4E7AD008207BF /* Assets.xcassets */,
				EDDDACE528C4E7AD008207BF /* LaunchScreen.storyboard */,
				EDDDACE828C4E7AD008207BF /* Info.plist */,
			);
			path = MusicPlayer;
			sourceTree = "<group>";
		};
		EDDDACF028C4E7AE008207BF /* MusicPlayerTests */ = {
			isa = PBXGroup;
			children = (
				EDDDACF128C4E7AE008207BF /* MusicPlayerTests.swift */,
			);
			path = MusicPlayerTests;
			sourceTree = "<group>";
		};
		EDDDACFA28C4E7AE008207BF /* MusicPlayerUITests */ = {
			isa = PBXGroup;
			children = (
				EDDDACFB28C4E7AE008207BF /* MusicPlayerUITests.swift */,
				EDDDACFD28C4E7AE008207BF /* MusicPlayerUITestsLaunchTests.swift */,
			);
			path = MusicPlayerUITests;
			sourceTree = "<group>";
		};
		EDDDAD0A28C4EBAE008207BF /* UI */ = {
			isa = PBXGroup;
			children = (
				EDDDAD2928C68097008207BF /* CustomUIElements */,
				EDDDACE028C4E7AB008207BF /* Main.storyboard */,
				EDDDAD1428C50B8C008207BF /* MPPlayerScreenPresenter.swift */,
				EDDDACDE28C4E7AB008207BF /* MPPlayerScreenViewController.swift */,
				EDDDAD2528C62D4D008207BF /* MPProgressView.swift */,
			);
			path = UI;
			sourceTree = "<group>";
		};
		EDDDAD0F28C509B9008207BF /* Cells */ = {
			isa = PBXGroup;
			children = (
				EDDDAD1028C509D5008207BF /* MPCorouselCollectionViewCell.swift */,
				EDDDAD1128C509D5008207BF /* MPCorouselCollectionViewCell.xib */,
			);
			path = Cells;
			sourceTree = "<group>";
		};
		EDDDAD1628C51910008207BF /* Services */ = {
			isa = PBXGroup;
			children = (
				EDDDAD1728C51921008207BF /* MPAudioPlayer.swift */,
				EDDDAD2228C62926008207BF /* Extensions */,
			);
			path = Services;
			sourceTree = "<group>";
		};
		EDDDAD1928C5201F008207BF /* Resourses */ = {
			isa = PBXGroup;
			children = (
				EDDDAD1C28C52032008207BF /* song1.mp3 */,
				EDDDAD1B28C52032008207BF /* song2.mp3 */,
				EDDDAD2028C52B56008207BF /* song3.mp3 */,
			);
			path = Resourses;
			sourceTree = "<group>";
		};
		EDDDAD2228C62926008207BF /* Extensions */ = {
			isa = PBXGroup;
			children = (
				EDDDAD2328C62948008207BF /* CMTime+StringRepresentation.swift */,
			);
			path = Extensions;
			sourceTree = "<group>";
		};
		EDDDAD2928C68097008207BF /* CustomUIElements */ = {
			isa = PBXGroup;
			children = (
				EDDDAD0F28C509B9008207BF /* Cells */,
				EDDDAD0B28C4EC02008207BF /* MPCorouselViewFlowLayout.swift */,
				EDDDAD0D28C4EC7C008207BF /* MPCorouselCollectionView.swift */,
				EDDDAD2728C64ED2008207BF /* MPPlayerControlButton.swift */,
			);
			path = CustomUIElements;
			sourceTree = "<group>";
		};
/* End PBXGroup section */

/* Begin PBXNativeTarget section */
		EDDDACD628C4E7AB008207BF /* MusicPlayer */ = {
			isa = PBXNativeTarget;
			buildConfigurationList = EDDDAD0128C4E7AE008207BF /* Build configuration list for PBXNativeTarget "MusicPlayer" */;
			buildPhases = (
				EDDDACD328C4E7AB008207BF /* Sources */,
				EDDDACD428C4E7AB008207BF /* Frameworks */,
				EDDDACD528C4E7AB008207BF /* Resources */,
			);
			buildRules = (
			);
			dependencies = (
			);
			name = MusicPlayer;
			productName = MusicPlayer;
			productReference = EDDDACD728C4E7AB008207BF /* MusicPlayer.app */;
			productType = "com.apple.product-type.application";
		};
		EDDDACEC28C4E7AE008207BF /* MusicPlayerTests */ = {
			isa = PBXNativeTarget;
			buildConfigurationList = EDDDAD0428C4E7AE008207BF /* Build configuration list for PBXNativeTarget "MusicPlayerTests" */;
			buildPhases = (
				EDDDACE928C4E7AE008207BF /* Sources */,
				EDDDACEA28C4E7AE008207BF /* Frameworks */,
				EDDDACEB28C4E7AE008207BF /* Resources */,
			);
			buildRules = (
			);
			dependencies = (
				EDDDACEF28C4E7AE008207BF /* PBXTargetDependency */,
			);
			name = MusicPlayerTests;
			productName = MusicPlayerTests;
			productReference = EDDDACED28C4E7AE008207BF /* MusicPlayerTests.xctest */;
			productType = "com.apple.product-type.bundle.unit-test";
		};
		EDDDACF628C4E7AE008207BF /* MusicPlayerUITests */ = {
			isa = PBXNativeTarget;
			buildConfigurationList = EDDDAD0728C4E7AE008207BF /* Build configuration list for PBXNativeTarget "MusicPlayerUITests" */;
			buildPhases = (
				EDDDACF328C4E7AE008207BF /* Sources */,
				EDDDACF428C4E7AE008207BF /* Frameworks */,
				EDDDACF528C4E7AE008207BF /* Resources */,
			);
			buildRules = (
			);
			dependencies = (
				EDDDACF928C4E7AE008207BF /* PBXTargetDependency */,
			);
			name = MusicPlayerUITests;
			productName = MusicPlayerUITests;
			productReference = EDDDACF728C4E7AE008207BF /* MusicPlayerUITests.xctest */;
			productType = "com.apple.product-type.bundle.ui-testing";
		};
/* End PBXNativeTarget section */

/* Begin PBXProject section */
		EDDDACCF28C4E7AB008207BF /* Project object */ = {
			isa = PBXProject;
			attributes = {
				BuildIndependentTargetsInParallel = 1;
				LastSwiftUpdateCheck = 1330;
				LastUpgradeCheck = 1330;
				TargetAttributes = {
					EDDDACD628C4E7AB008207BF = {
						CreatedOnToolsVersion = 13.3.1;
					};
					EDDDACEC28C4E7AE008207BF = {
						CreatedOnToolsVersion = 13.3.1;
						TestTargetID = EDDDACD628C4E7AB008207BF;
					};
					EDDDACF628C4E7AE008207BF = {
						CreatedOnToolsVersion = 13.3.1;
						TestTargetID = EDDDACD628C4E7AB008207BF;
					};
				};
			};
			buildConfigurationList = EDDDACD228C4E7AB008207BF /* Build configuration list for PBXProject "MusicPlayer" */;
			compatibilityVersion = "Xcode 13.0";
			developmentRegion = en;
			hasScannedForEncodings = 0;
			knownRegions = (
				en,
				Base,
			);
			mainGroup = EDDDACCE28C4E7AB008207BF;
			productRefGroup = EDDDACD828C4E7AB008207BF /* Products */;
			projectDirPath = "";
			projectRoot = "";
			targets = (
				EDDDACD628C4E7AB008207BF /* MusicPlayer */,
				EDDDACEC28C4E7AE008207BF /* MusicPlayerTests */,
				EDDDACF628C4E7AE008207BF /* MusicPlayerUITests */,
			);
		};
/* End PBXProject section */

/* Begin PBXResourcesBuildPhase section */
		EDDDACD528C4E7AB008207BF /* Resources */ = {
			isa = PBXResourcesBuildPhase;
			buildActionMask = 2147483647;
			files = (
				EDDDACE728C4E7AD008207BF /* LaunchScreen.storyboard in Resources */,
				EDDDAD2128C52B57008207BF /* song3.mp3 in Resources */,
				EDDDAD1E28C52032008207BF /* song2.mp3 in Resources */,
				EDDDACE428C4E7AD008207BF /* Assets.xcassets in Resources */,
				EDDDAD1328C509D5008207BF /* MPCorouselCollectionViewCell.xib in Resources */,
				EDDDACE228C4E7AB008207BF /* Main.storyboard in Resources */,
				EDDDAD1F28C52032008207BF /* song1.mp3 in Resources */,
			);
			runOnlyForDeploymentPostprocessing = 0;
		};
		EDDDACEB28C4E7AE008207BF /* Resources */ = {
			isa = PBXResourcesBuildPhase;
			buildActionMask = 2147483647;
			files = (
			);
			runOnlyForDeploymentPostprocessing = 0;
		};
		EDDDACF528C4E7AE008207BF /* Resources */ = {
			isa = PBXResourcesBuildPhase;
			buildActionMask = 2147483647;
			files = (
			);
			runOnlyForDeploymentPostprocessing = 0;
		};
/* End PBXResourcesBuildPhase section */

/* Begin PBXSourcesBuildPhase section */
		EDDDACD328C4E7AB008207BF /* Sources */ = {
			isa = PBXSourcesBuildPhase;
			buildActionMask = 2147483647;
			files = (
				EDDDAD1528C50B8C008207BF /* MPPlayerScreenPresenter.swift in Sources */,
				EDDDACDF28C4E7AB008207BF /* MPPlayerScreenViewController.swift in Sources */,
				EDDDACDB28C4E7AB008207BF /* AppDelegate.swift in Sources */,
				EDDDACDD28C4E7AB008207BF /* SceneDelegate.swift in Sources */,
				EDDDAD0C28C4EC02008207BF /* MPCorouselViewFlowLayout.swift in Sources */,
				EDDDAD0E28C4EC7C008207BF /* MPCorouselCollectionView.swift in Sources */,
				EDDDAD2428C62948008207BF /* CMTime+StringRepresentation.swift in Sources */,
				EDDDAD1228C509D5008207BF /* MPCorouselCollectionViewCell.swift in Sources */,
				EDDDAD2828C64ED2008207BF /* MPPlayerControlButton.swift in Sources */,
				EDDDAD2628C62D4D008207BF /* MPProgressView.swift in Sources */,
				EDDDAD1828C51921008207BF /* MPAudioPlayer.swift in Sources */,
			);
			runOnlyForDeploymentPostprocessing = 0;
		};
		EDDDACE928C4E7AE008207BF /* Sources */ = {
			isa = PBXSourcesBuildPhase;
			buildActionMask = 2147483647;
			files = (
				EDDDACF228C4E7AE008207BF /* MusicPlayerTests.swift in Sources */,
			);
			runOnlyForDeploymentPostprocessing = 0;
		};
		EDDDACF328C4E7AE008207BF /* Sources */ = {
			isa = PBXSourcesBuildPhase;
			buildActionMask = 2147483647;
			files = (
				EDDDACFC28C4E7AE008207BF /* MusicPlayerUITests.swift in Sources */,
				EDDDACFE28C4E7AE008207BF /* MusicPlayerUITestsLaunchTests.swift in Sources */,
			);
			runOnlyForDeploymentPostprocessing = 0;
		};
/* End PBXSourcesBuildPhase section */

/* Begin PBXTargetDependency section */
		EDDDACEF28C4E7AE008207BF /* PBXTargetDependency */ = {
			isa = PBXTargetDependency;
			target = EDDDACD628C4E7AB008207BF /* MusicPlayer */;
			targetProxy = EDDDACEE28C4E7AE008207BF /* PBXContainerItemProxy */;
		};
		EDDDACF928C4E7AE008207BF /* PBXTargetDependency */ = {
			isa = PBXTargetDependency;
			target = EDDDACD628C4E7AB008207BF /* MusicPlayer */;
			targetProxy = EDDDACF828C4E7AE008207BF /* PBXContainerItemProxy */;
		};
/* End PBXTargetDependency section */

/* Begin PBXVariantGroup section */
		EDDDACE028C4E7AB008207BF /* Main.storyboard */ = {
			isa = PBXVariantGroup;
			children = (
				EDDDACE128C4E7AB008207BF /* Base */,
			);
			name = Main.storyboard;
			sourceTree = "<group>";
		};
		EDDDACE528C4E7AD008207BF /* LaunchScreen.storyboard */ = {
			isa = PBXVariantGroup;
			children = (
				EDDDACE628C4E7AD008207BF /* Base */,
			);
			name = LaunchScreen.storyboard;
			sourceTree = "<group>";
		};
/* End PBXVariantGroup section */

/* Begin XCBuildConfiguration section */
		EDDDACFF28C4E7AE008207BF /* Debug */ = {
			isa = XCBuildConfiguration;
			buildSettings = {
				ALWAYS_SEARCH_USER_PATHS = NO;
				CLANG_ANALYZER_NONNULL = YES;
				CLANG_ANALYZER_NUMBER_OBJECT_CONVERSION = YES_AGGRESSIVE;
				CLANG_CXX_LANGUAGE_STANDARD = "gnu++17";
				CLANG_ENABLE_MODULES = YES;
				CLANG_ENABLE_OBJC_ARC = YES;
				CLANG_ENABLE_OBJC_WEAK = YES;
				CLANG_WARN_BLOCK_CAPTURE_AUTORELEASING = YES;
				CLANG_WARN_BOOL_CONVERSION = YES;
				CLANG_WARN_COMMA = YES;
				CLANG_WARN_CONSTANT_CONVERSION = YES;
				CLANG_WARN_DEPRECATED_OBJC_IMPLEMENTATIONS = YES;
				CLANG_WARN_DIRECT_OBJC_ISA_USAGE = YES_ERROR;
				CLANG_WARN_DOCUMENTATION_COMMENTS = YES;
				CLANG_WARN_EMPTY_BODY = YES;
				CLANG_WARN_ENUM_CONVERSION = YES;
				CLANG_WARN_INFINITE_RECURSION = YES;
				CLANG_WARN_INT_CONVERSION = YES;
				CLANG_WARN_NON_LITERAL_NULL_CONVERSION = YES;
				CLANG_WARN_OBJC_IMPLICIT_RETAIN_SELF = YES;
				CLANG_WARN_OBJC_LITERAL_CONVERSION = YES;
				CLANG_WARN_OBJC_ROOT_CLASS = YES_ERROR;
				CLANG_WARN_QUOTED_INCLUDE_IN_FRAMEWORK_HEADER = YES;
				CLANG_WARN_RANGE_LOOP_ANALYSIS = YES;
				CLANG_WARN_STRICT_PROTOTYPES = YES;
				CLANG_WARN_SUSPICIOUS_MOVE = YES;
				CLANG_WARN_UNGUARDED_AVAILABILITY = YES_AGGRESSIVE;
				CLANG_WARN_UNREACHABLE_CODE = YES;
				CLANG_WARN__DUPLICATE_METHOD_MATCH = YES;
				COPY_PHASE_STRIP = NO;
				DEBUG_INFORMATION_FORMAT = dwarf;
				ENABLE_STRICT_OBJC_MSGSEND = YES;
				ENABLE_TESTABILITY = YES;
				GCC_C_LANGUAGE_STANDARD = gnu11;
				GCC_DYNAMIC_NO_PIC = NO;
				GCC_NO_COMMON_BLOCKS = YES;
				GCC_OPTIMIZATION_LEVEL = 0;
				GCC_PREPROCESSOR_DEFINITIONS = (
					"DEBUG=1",
					"$(inherited)",
				);
				GCC_WARN_64_TO_32_BIT_CONVERSION = YES;
				GCC_WARN_ABOUT_RETURN_TYPE = YES_ERROR;
				GCC_WARN_UNDECLARED_SELECTOR = YES;
				GCC_WARN_UNINITIALIZED_AUTOS = YES_AGGRESSIVE;
				GCC_WARN_UNUSED_FUNCTION = YES;
				GCC_WARN_UNUSED_VARIABLE = YES;
				IPHONEOS_DEPLOYMENT_TARGET = 13.0;
				MTL_ENABLE_DEBUG_INFO = INCLUDE_SOURCE;
				MTL_FAST_MATH = YES;
				ONLY_ACTIVE_ARCH = YES;
				SDKROOT = iphoneos;
				SWIFT_ACTIVE_COMPILATION_CONDITIONS = DEBUG;
				SWIFT_OPTIMIZATION_LEVEL = "-Onone";
			};
			name = Debug;
		};
		EDDDAD0028C4E7AE008207BF /* Release */ = {
			isa = XCBuildConfiguration;
			buildSettings = {
				ALWAYS_SEARCH_USER_PATHS = NO;
				CLANG_ANALYZER_NONNULL = YES;
				CLANG_ANALYZER_NUMBER_OBJECT_CONVERSION = YES_AGGRESSIVE;
				CLANG_CXX_LANGUAGE_STANDARD = "gnu++17";
				CLANG_ENABLE_MODULES = YES;
				CLANG_ENABLE_OBJC_ARC = YES;
				CLANG_ENABLE_OBJC_WEAK = YES;
				CLANG_WARN_BLOCK_CAPTURE_AUTORELEASING = YES;
				CLANG_WARN_BOOL_CONVERSION = YES;
				CLANG_WARN_COMMA = YES;
				CLANG_WARN_CONSTANT_CONVERSION = YES;
				CLANG_WARN_DEPRECATED_OBJC_IMPLEMENTATIONS = YES;
				CLANG_WARN_DIRECT_OBJC_ISA_USAGE = YES_ERROR;
				CLANG_WARN_DOCUMENTATION_COMMENTS = YES;
				CLANG_WARN_EMPTY_BODY = YES;
				CLANG_WARN_ENUM_CONVERSION = YES;
				CLANG_WARN_INFINITE_RECURSION = YES;
				CLANG_WARN_INT_CONVERSION = YES;
				CLANG_WARN_NON_LITERAL_NULL_CONVERSION = YES;
				CLANG_WARN_OBJC_IMPLICIT_RETAIN_SELF = YES;
				CLANG_WARN_OBJC_LITERAL_CONVERSION = YES;
				CLANG_WARN_OBJC_ROOT_CLASS = YES_ERROR;
				CLANG_WARN_QUOTED_INCLUDE_IN_FRAMEWORK_HEADER = YES;
				CLANG_WARN_RANGE_LOOP_ANALYSIS = YES;
				CLANG_WARN_STRICT_PROTOTYPES = YES;
				CLANG_WARN_SUSPICIOUS_MOVE = YES;
				CLANG_WARN_UNGUARDED_AVAILABILITY = YES_AGGRESSIVE;
				CLANG_WARN_UNREACHABLE_CODE = YES;
				CLANG_WARN__DUPLICATE_METHOD_MATCH = YES;
				COPY_PHASE_STRIP = NO;
				DEBUG_INFORMATION_FORMAT = "dwarf-with-dsym";
				ENABLE_NS_ASSERTIONS = NO;
				ENABLE_STRICT_OBJC_MSGSEND = YES;
				GCC_C_LANGUAGE_STANDARD = gnu11;
				GCC_NO_COMMON_BLOCKS = YES;
				GCC_WARN_64_TO_32_BIT_CONVERSION = YES;
				GCC_WARN_ABOUT_RETURN_TYPE = YES_ERROR;
				GCC_WARN_UNDECLARED_SELECTOR = YES;
				GCC_WARN_UNINITIALIZED_AUTOS = YES_AGGRESSIVE;
				GCC_WARN_UNUSED_FUNCTION = YES;
				GCC_WARN_UNUSED_VARIABLE = YES;
				IPHONEOS_DEPLOYMENT_TARGET = 13.0;
				MTL_ENABLE_DEBUG_INFO = NO;
				MTL_FAST_MATH = YES;
				SDKROOT = iphoneos;
				SWIFT_COMPILATION_MODE = wholemodule;
				SWIFT_OPTIMIZATION_LEVEL = "-O";
				VALIDATE_PRODUCT = YES;
			};
			name = Release;
		};
		EDDDAD0228C4E7AE008207BF /* Debug */ = {
			isa = XCBuildConfiguration;
			buildSettings = {
				ASSETCATALOG_COMPILER_APPICON_NAME = AppIcon;
				ASSETCATALOG_COMPILER_GLOBAL_ACCENT_COLOR_NAME = AccentColor;
				CODE_SIGN_STYLE = Automatic;
				CURRENT_PROJECT_VERSION = 1;
				DEVELOPMENT_TEAM = 69YJ6ZVKYK;
				GENERATE_INFOPLIST_FILE = YES;
				INFOPLIST_FILE = MusicPlayer/Info.plist;
				INFOPLIST_KEY_UIApplicationSupportsIndirectInputEvents = YES;
				INFOPLIST_KEY_UILaunchStoryboardName = LaunchScreen;
				INFOPLIST_KEY_UIMainStoryboardFile = Main;
				INFOPLIST_KEY_UISupportedInterfaceOrientations_iPad = "UIInterfaceOrientationPortrait UIInterfaceOrientationPortraitUpsideDown UIInterfaceOrientationLandscapeLeft UIInterfaceOrientationLandscapeRight";
				INFOPLIST_KEY_UISupportedInterfaceOrientations_iPhone = "UIInterfaceOrientationPortrait UIInterfaceOrientationLandscapeLeft UIInterfaceOrientationLandscapeRight";
				LD_RUNPATH_SEARCH_PATHS = (
					"$(inherited)",
					"@executable_path/Frameworks",
				);
				MARKETING_VERSION = 1.0;
				PRODUCT_BUNDLE_IDENTIFIER = com.testApplication.MusicPlayer;
				PRODUCT_NAME = "$(TARGET_NAME)";
				SWIFT_EMIT_LOC_STRINGS = YES;
				SWIFT_VERSION = 5.0;
				TARGETED_DEVICE_FAMILY = 1;
			};
			name = Debug;
		};
		EDDDAD0328C4E7AE008207BF /* Release */ = {
			isa = XCBuildConfiguration;
			buildSettings = {
				ASSETCATALOG_COMPILER_APPICON_NAME = AppIcon;
				ASSETCATALOG_COMPILER_GLOBAL_ACCENT_COLOR_NAME = AccentColor;
				CODE_SIGN_STYLE = Automatic;
				CURRENT_PROJECT_VERSION = 1;
				DEVELOPMENT_TEAM = 69YJ6ZVKYK;
				GENERATE_INFOPLIST_FILE = YES;
				INFOPLIST_FILE = MusicPlayer/Info.plist;
				INFOPLIST_KEY_UIApplicationSupportsIndirectInputEvents = YES;
				INFOPLIST_KEY_UILaunchStoryboardName = LaunchScreen;
				INFOPLIST_KEY_UIMainStoryboardFile = Main;
				INFOPLIST_KEY_UISupportedInterfaceOrientations_iPad = "UIInterfaceOrientationPortrait UIInterfaceOrientationPortraitUpsideDown UIInterfaceOrientationLandscapeLeft UIInterfaceOrientationLandscapeRight";
				INFOPLIST_KEY_UISupportedInterfaceOrientations_iPhone = "UIInterfaceOrientationPortrait UIInterfaceOrientationLandscapeLeft UIInterfaceOrientationLandscapeRight";
				LD_RUNPATH_SEARCH_PATHS = (
					"$(inherited)",
					"@executable_path/Frameworks",
				);
				MARKETING_VERSION = 1.0;
				PRODUCT_BUNDLE_IDENTIFIER = com.testApplication.MusicPlayer;
				PRODUCT_NAME = "$(TARGET_NAME)";
				SWIFT_EMIT_LOC_STRINGS = YES;
				SWIFT_VERSION = 5.0;
				TARGETED_DEVICE_FAMILY = 1;
			};
			name = Release;
		};
		EDDDAD0528C4E7AE008207BF /* Debug */ = {
			isa = XCBuildConfiguration;
			buildSettings = {
				ALWAYS_EMBED_SWIFT_STANDARD_LIBRARIES = YES;
				BUNDLE_LOADER = "$(TEST_HOST)";
				CODE_SIGN_STYLE = Automatic;
				CURRENT_PROJECT_VERSION = 1;
				DEVELOPMENT_TEAM = 69YJ6ZVKYK;
				GENERATE_INFOPLIST_FILE = YES;
				IPHONEOS_DEPLOYMENT_TARGET = 15.4;
				MARKETING_VERSION = 1.0;
				PRODUCT_BUNDLE_IDENTIFIER = com.testApplication.MusicPlayerTests;
				PRODUCT_NAME = "$(TARGET_NAME)";
				SWIFT_EMIT_LOC_STRINGS = NO;
				SWIFT_VERSION = 5.0;
				TARGETED_DEVICE_FAMILY = "1,2";
				TEST_HOST = "$(BUILT_PRODUCTS_DIR)/MusicPlayer.app/MusicPlayer";
			};
			name = Debug;
		};
		EDDDAD0628C4E7AE008207BF /* Release */ = {
			isa = XCBuildConfiguration;
			buildSettings = {
				ALWAYS_EMBED_SWIFT_STANDARD_LIBRARIES = YES;
				BUNDLE_LOADER = "$(TEST_HOST)";
				CODE_SIGN_STYLE = Automatic;
				CURRENT_PROJECT_VERSION = 1;
				DEVELOPMENT_TEAM = 69YJ6ZVKYK;
				GENERATE_INFOPLIST_FILE = YES;
				IPHONEOS_DEPLOYMENT_TARGET = 15.4;
				MARKETING_VERSION = 1.0;
				PRODUCT_BUNDLE_IDENTIFIER = com.testApplication.MusicPlayerTests;
				PRODUCT_NAME = "$(TARGET_NAME)";
				SWIFT_EMIT_LOC_STRINGS = NO;
				SWIFT_VERSION = 5.0;
				TARGETED_DEVICE_FAMILY = "1,2";
				TEST_HOST = "$(BUILT_PRODUCTS_DIR)/MusicPlayer.app/MusicPlayer";
			};
			name = Release;
		};
		EDDDAD0828C4E7AE008207BF /* Debug */ = {
			isa = XCBuildConfiguration;
			buildSettings = {
				ALWAYS_EMBED_SWIFT_STANDARD_LIBRARIES = YES;
				CODE_SIGN_STYLE = Automatic;
				CURRENT_PROJECT_VERSION = 1;
				DEVELOPMENT_TEAM = 69YJ6ZVKYK;
				GENERATE_INFOPLIST_FILE = YES;
				MARKETING_VERSION = 1.0;
				PRODUCT_BUNDLE_IDENTIFIER = com.testApplication.MusicPlayerUITests;
				PRODUCT_NAME = "$(TARGET_NAME)";
				SWIFT_EMIT_LOC_STRINGS = NO;
				SWIFT_VERSION = 5.0;
				TARGETED_DEVICE_FAMILY = "1,2";
				TEST_TARGET_NAME = MusicPlayer;
			};
			name = Debug;
		};
		EDDDAD0928C4E7AE008207BF /* Release */ = {
			isa = XCBuildConfiguration;
			buildSettings = {
				ALWAYS_EMBED_SWIFT_STANDARD_LIBRARIES = YES;
				CODE_SIGN_STYLE = Automatic;
				CURRENT_PROJECT_VERSION = 1;
				DEVELOPMENT_TEAM = 69YJ6ZVKYK;
				GENERATE_INFOPLIST_FILE = YES;
				MARKETING_VERSION = 1.0;
				PRODUCT_BUNDLE_IDENTIFIER = com.testApplication.MusicPlayerUITests;
				PRODUCT_NAME = "$(TARGET_NAME)";
				SWIFT_EMIT_LOC_STRINGS = NO;
				SWIFT_VERSION = 5.0;
				TARGETED_DEVICE_FAMILY = "1,2";
				TEST_TARGET_NAME = MusicPlayer;
			};
			name = Release;
		};
/* End XCBuildConfiguration section */

/* Begin XCConfigurationList section */
		EDDDACD228C4E7AB008207BF /* Build configuration list for PBXProject "MusicPlayer" */ = {
			isa = XCConfigurationList;
			buildConfigurations = (
				EDDDACFF28C4E7AE008207BF /* Debug */,
				EDDDAD0028C4E7AE008207BF /* Release */,
			);
			defaultConfigurationIsVisible = 0;
			defaultConfigurationName = Release;
		};
		EDDDAD0128C4E7AE008207BF /* Build configuration list for PBXNativeTarget "MusicPlayer" */ = {
			isa = XCConfigurationList;
			buildConfigurations = (
				EDDDAD0228C4E7AE008207BF /* Debug */,
				EDDDAD0328C4E7AE008207BF /* Release */,
			);
			defaultConfigurationIsVisible = 0;
			defaultConfigurationName = Release;
		};
		EDDDAD0428C4E7AE008207BF /* Build configuration list for PBXNativeTarget "MusicPlayerTests" */ = {
			isa = XCConfigurationList;
			buildConfigurations = (
				EDDDAD0528C4E7AE008207BF /* Debug */,
				EDDDAD0628C4E7AE008207BF /* Release */,
			);
			defaultConfigurationIsVisible = 0;
			defaultConfigurationName = Release;
		};
		EDDDAD0728C4E7AE008207BF /* Build configuration list for PBXNativeTarget "MusicPlayerUITests" */ = {
			isa = XCConfigurationList;
			buildConfigurations = (
				EDDDAD0828C4E7AE008207BF /* Debug */,
				EDDDAD0928C4E7AE008207BF /* Release */,
			);
			defaultConfigurationIsVisible = 0;
			defaultConfigurationName = Release;
		};
/* End XCConfigurationList section */
	};
	rootObject = EDDDACCF28C4E7AB008207BF /* Project object */;
}
